{
  "nodes": {
    "nixpkgs": {
      "locked": {
        "lastModified": 1789391825,
        "narHash": "sha256-EVwKADZXjGa19HsQ7kPD6zKpqX8x9fABhNP/r1Oy3NU=",
        "path": "/nix/store/vzws0gkclva2rkfmiy6f1jz2fqblbgn1-source",
        "rev": "855c4f0036d95095070142a494278d52ec6fe543",
        "type": "path"
      },
      "original": {
        "owner": "nixos",
        "ref": "nixos-unstable",
        "repo": "nixpkgs",
        "type": "github"
      }
    },
    "root": {
      "inputs": {
        "nixpkgs": "nixpkgs",
        "rust-overlay": "rust-overlay"
      }
    },
    "rust-overlay": {
      "inputs": {
        "nixpkgs": [
          "nixpkgs"
        ]
      },
      "locked": {
        "lastModified": 1791013993,
        "narHash": "sha256-BiFPwFsbFnZH5GfWbQFKYuQNg+67aNQCoRSRNTeJFQc=",
        "owner": "oxalica",
        "repo": "rust-overlay",
        "rev": "7470661ba2b51156048af08464b82020223dc942",
        "type": "github"
      },
      "original": {
        "owner": "oxalica",
        "repo": "rust-overlay",
        "type": "github"
      }
    }
  },
  "root": "root",
  "version": 7
}
